// !$*UTF8*$!
{
	archiveVersion = 1;
	classes = {
	};
	objectVersion = 50;
	objects = {

/* Begin PBXBuildFile section */
		8437B2AC21C7263C008F03D9 /* AppDelegate.swift in Sources */ = {isa = PBXBuildFile; fileRef = 8437B2AB21C7263C008F03D9 /* AppDelegate.swift */; };
		8437B2AE21C7263C008F03D9 /* ViewController.swift in Sources */ = {isa = PBXBuildFile; fileRef = 8437B2AD21C7263C008F03D9 /* ViewController.swift */; };
		8437B2B121C7263C008F03D9 /* Main.storyboard in Resources */ = {isa = PBXBuildFile; fileRef = 8437B2AF21C7263C008F03D9 /* Main.storyboard */; };
		8437B2B321C72646008F03D9 /* Assets.xcassets in Resources */ = {isa = PBXBuildFile; fileRef = 8437B2B221C72646008F03D9 /* Assets.xcassets */; };
		8437B2B621C72646008F03D9 /* LaunchScreen.storyboard in Resources */ = {isa = PBXBuildFile; fileRef = 8437B2B421C72646008F03D9 /* LaunchScreen.storyboard */; };
		8437B2C121C72647008F03D9 /* testSwiftTests.swift in Sources */ = {isa = PBXBuildFile; fileRef = 8437B2C021C72647008F03D9 /* testSwiftTests.swift */; };
		8437B2CC21C72647008F03D9 /* testSwiftUITests.swift in Sources */ = {isa = PBXBuildFile; fileRef = 8437B2CB21C72647008F03D9 /* testSwiftUITests.swift */; };
/* End PBXBuildFile section */

/* Begin PBXContainerItemProxy section */
		8437B2BD21C72647008F03D9 /* PBXContainerItemProxy */ = {
			isa = PBXContainerItemProxy;
			containerPortal = 8437B2A021C7263C008F03D9 /* Project object */;
			proxyType = 1;
			remoteGlobalIDString = 8437B2A721C7263C008F03D9;
			remoteInfo = testSwift;
		};
		8437B2C821C72647008F03D9 /* PBXContainerItemProxy */ = {
			isa = PBXContainerItemProxy;
			containerPortal = 8437B2A021C7263C008F03D9 /* Project object */;
			proxyType = 1;
			remoteGlobalIDString = 8437B2A721C7263C008F03D9;
			remoteInfo = testSwift;
		};
/* End PBXContainerItemProxy section */

/* Begin PBXFileReference section */
		8437B2A821C7263C008F03D9 /* testSwift.app */ = {isa = PBXFileReference; explicitFileType = wrapper.application; includeInIndex = 0; path = testSwift.app; sourceTree = BUILT_PRODUCTS_DIR; };
		8437B2AB21C7263C008F03D9 /* AppDelegate.swift */ = {isa = PBXFileReference; lastKnownFileType = sourcecode.swift; path = AppDelegate.swift; sourceTree = "<group>"; };
		8437B2AD21C7263C008F03D9 /* ViewController.swift */ = {isa = PBXFileReference; lastKnownFileType = sourcecode.swift; path = ViewController.swift; sourceTree = "<group>"; };
		8437B2B021C7263C008F03D9 /* Base */ = {isa = PBXFileReference; lastKnownFileType = file.storyboard; name = Base; path = Base.lproj/Main.storyboard; sourceTree = "<group>"; };
		8437B2B221C72646008F03D9 /* Assets.xcassets */ = {isa = PBXFileReference; lastKnownFileType = folder.assetcatalog; path = Assets.xcassets; sourceTree = "<group>"; };
		8437B2B521C72646008F03D9 /* Base */ = {isa = PBXFileReference; lastKnownFileType = file.storyboard; name = Base; path = Base.lproj/LaunchScreen.storyboard; sourceTree = "<group>"; };
		8437B2B721C72646008F03D9 /* Info.plist */ = {isa = PBXFileReference; lastKnownFileType = text.plist.xml; path = Info.plist; sourceTree = "<group>"; };
		8437B2BC21C72647008F03D9 /* testSwiftTests.xctest */ = {isa = PBXFileReference; explicitFileType = wrapper.cfbundle; includeInIndex = 0; path = testSwiftTests.xctest; sourceTree = BUILT_PRODUCTS_DIR; };
		8437B2C021C72647008F03D9 /* testSwiftTests.swift */ = {isa = PBXFileReference; lastKnownFileType = sourcecode.swift; path = testSwiftTests.swift; sourceTree = "<group>"; };
		8437B2C221C72647008F03D9 /* Info.plist */ = {isa = PBXFileReference; lastKnownFileType = text.plist.xml; path = Info.plist; sourceTree = "<group>"; };
		8437B2C721C72647008F03D9 /* testSwiftUITests.xctest */ = {isa = PBXFileReference; explicitFileType = wrapper.cfbundle; includeInIndex = 0; path = testSwiftUITests.xctest; sourceTree = BUILT_PRODUCTS_DIR; };
		8437B2CB21C72647008F03D9 /* testSwiftUITests.swift */ = {isa = PBXFileReference; lastKnownFileType = sourcecode.swift; path = testSwiftUITests.swift; sourceTree = "<group>"; };
		8437B2CD21C72647008F03D9 /* Info.plist */ = {isa = PBXFileReference; lastKnownFileType = text.plist.xml; path = Info.plist; sourceTree = "<group>"; };
/* End PBXFileReference section */

/* Begin PBXFrameworksBuildPhase section */
		8437B2A521C7263C008F03D9 /* Frameworks */ = {
			isa = PBXFrameworksBuildPhase;
			buildActionMask = 2147483647;
			files = (
			);
			runOnlyForDeploymentPostprocessing = 0;
		};
		8437B2B921C72647008F03D9 /* Frameworks */ = {
			isa = PBXFrameworksBuildPhase;
			buildActionMask = 2147483647;
			files = (
			);
			runOnlyForDeploymentPostprocessing = 0;
		};
		8437B2C421C72647008F03D9 /* Frameworks */ = {
			isa = PBXFrameworksBuildPhase;
			buildActionMask = 2147483647;
			files = (
			);
			runOnlyForDeploymentPostprocessing = 0;
		};
/* End PBXFrameworksBuildPhase section */

/* Begin PBXGroup section */
		8437B29F21C7263C008F03D9 = {
			isa = PBXGroup;
			children = (
				8437B2AA21C7263C008F03D9 /* testSwift */,
				8437B2BF21C72647008F03D9 /* testSwiftTests */,
				8437B2CA21C72647008F03D9 /* testSwiftUITests */,
				8437B2A921C7263C008F03D9 /* Products */,
			);
			sourceTree = "<group>";
		};
		8437B2A921C7263C008F03D9 /* Products */ = {
			isa = PBXGroup;
			children = (
				8437B2A821C7263C008F03D9 /* testSwift.app */,
				8437B2BC21C72647008F03D9 /* testSwiftTests.xctest */,
				8437B2C721C72647008F03D9 /* testSwiftUITests.xctest */,
			);
			name = Products;
			sourceTree = "<group>";
		};
		8437B2AA21C7263C008F03D9 /* testSwift */ = {
			isa = PBXGroup;
			children = (
				8437B2AB21C7263C008F03D9 /* AppDelegate.swift */,
				8437B2AD21C7263C008F03D9 /* ViewController.swift */,
				8437B2AF21C7263C008F03D9 /* Main.storyboard */,
				8437B2B221C72646008F03D9 /* Assets.xcassets */,
				8437B2B421C72646008F03D9 /* LaunchScreen.storyboard */,
				8437B2B721C72646008F03D9 /* Info.plist */,
			);
			path = testSwift;
			sourceTree = "<group>";
		};
		8437B2BF21C72647008F03D9 /* testSwiftTests */ = {
			isa = PBXGroup;
			children = (
				8437B2C021C72647008F03D9 /* testSwiftTests.swift */,
				8437B2C221C72647008F03D9 /* Info.plist */,
			);
			path = testSwiftTests;
			sourceTree = "<group>";
		};
		8437B2CA21C72647008F03D9 /* testSwiftUITests */ = {
			isa = PBXGroup;
			children = (
				8437B2CB21C72647008F03D9 /* testSwiftUITests.swift */,
				8437B2CD21C72647008F03D9 /* Info.plist */,
			);
			path = testSwiftUITests;
			sourceTree = "<group>";
		};
/* End PBXGroup section */

/* Begin PBXNativeTarget section */
		8437B2A721C7263C008F03D9 /* testSwift */ = {
			isa = PBXNativeTarget;
			buildConfigurationList = 8437B2D021C72647008F03D9 /* Build configuration list for PBXNativeTarget "testSwift" */;
			buildPhases = (
				8437B2A421C7263C008F03D9 /* Sources */,
				8437B2A521C7263C008F03D9 /* Frameworks */,
				8437B2A621C7263C008F03D9 /* Resources */,
			);
			buildRules = (
			);
			dependencies = (
			);
			name = testSwift;
			productName = testSwift;
			productReference = 8437B2A821C7263C008F03D9 /* testSwift.app */;
			productType = "com.apple.product-type.application";
		};
		8437B2BB21C72647008F03D9 /* testSwiftTests */ = {
			isa = PBXNativeTarget;
			buildConfigurationList = 8437B2D321C72647008F03D9 /* Build configuration list for PBXNativeTarget "testSwiftTests" */;
			buildPhases = (
				8437B2B821C72647008F03D9 /* Sources */,
				8437B2B921C72647008F03D9 /* Frameworks */,
				8437B2BA21C72647008F03D9 /* Resources */,
			);
			buildRules = (
			);
			dependencies = (
				8437B2BE21C72647008F03D9 /* PBXTargetDependency */,
			);
			name = testSwiftTests;
			productName = testSwiftTests;
			productReference = 8437B2BC21C72647008F03D9 /* testSwiftTests.xctest */;
			productType = "com.apple.product-type.bundle.unit-test";
		};
		8437B2C621C72647008F03D9 /* testSwiftUITests */ = {
			isa = PBXNativeTarget;
			buildConfigurationList = 8437B2D621C72647008F03D9 /* Build configuration list for PBXNativeTarget "testSwiftUITests" */;
			buildPhases = (
				8437B2C321C72647008F03D9 /* Sources */,
				8437B2C421C72647008F03D9 /* Frameworks */,
				8437B2C521C72647008F03D9 /* Resources */,
			);
			buildRules = (
			);
			dependencies = (
				8437B2C921C72647008F03D9 /* PBXTargetDependency */,
			);
			name = testSwiftUITests;
			productName = testSwiftUITests;
			productReference = 8437B2C721C72647008F03D9 /* testSwiftUITests.xctest */;
			productType = "com.apple.product-type.bundle.ui-testing";
		};
/* End PBXNativeTarget section */

/* Begin PBXProject section */
		8437B2A021C7263C008F03D9 /* Project object */ = {
			isa = PBXProject;
			attributes = {
				LastSwiftUpdateCheck = 1010;
				LastUpgradeCheck = 1010;
				ORGANIZATIONNAME = Admin;
				TargetAttributes = {
					8437B2A721C7263C008F03D9 = {
						CreatedOnToolsVersion = 10.1;
					};
					8437B2BB21C72647008F03D9 = {
						CreatedOnToolsVersion = 10.1;
						TestTargetID = 8437B2A721C7263C008F03D9;
					};
					8437B2C621C72647008F03D9 = {
						CreatedOnToolsVersion = 10.1;
						TestTargetID = 8437B2A721C7263C008F03D9;
					};
				};
			};
			buildConfigurationList = 8437B2A321C7263C008F03D9 /* Build configuration list for PBXProject "testSwift" */;
			compatibilityVersion = "Xcode 9.3";
			developmentRegion = en;
			hasScannedForEncodings = 0;
			knownRegions = (
				en,
				Base,
			);
			mainGroup = 8437B29F21C7263C008F03D9;
			productRefGroup = 8437B2A921C7263C008F03D9 /* Products */;
			projectDirPath = "";
			projectRoot = "";
			targets = (
				8437B2A721C7263C008F03D9 /* testSwift */,
				8437B2BB21C72647008F03D9 /* testSwiftTests */,
				8437B2C621C72647008F03D9 /* testSwiftUITests */,
			);
		};
/* End PBXProject section */

/* Begin PBXResourcesBuildPhase section */
		8437B2A621C7263C008F03D9 /* Resources */ = {
			isa = PBXResourcesBuildPhase;
			buildActionMask = 2147483647;
			files = (
				8437B2B621C72646008F03D9 /* LaunchScreen.storyboard in Resources */,
				8437B2B321C72646008F03D9 /* Assets.xcassets in Resources */,
				8437B2B121C7263C008F03D9 /* Main.storyboard in Resources */,
			);
			runOnlyForDeploymentPostprocessing = 0;
		};
		8437B2BA21C72647008F03D9 /* Resources */ = {
			isa = PBXResourcesBuildPhase;
			buildActionMask = 2147483647;
			files = (
			);
			runOnlyForDeploymentPostprocessing = 0;
		};
		8437B2C521C72647008F03D9 /* Resources */ = {
			isa = PBXResourcesBuildPhase;
			buildActionMask = 2147483647;
			files = (
			);
			runOnlyForDeploymentPostprocessing = 0;
		};
/* End PBXResourcesBuildPhase section */

/* Begin PBXSourcesBuildPhase section */
		8437B2A421C7263C008F03D9 /* Sources */ = {
			isa = PBXSourcesBuildPhase;
			buildActionMask = 2147483647;
			files = (
				8437B2AE21C7263C008F03D9 /* ViewController.swift in Sources */,
				8437B2AC21C7263C008F03D9 /* AppDelegate.swift in Sources */,
			);
			runOnlyForDeploymentPostprocessing = 0;
		};
		8437B2B821C72647008F03D9 /* Sources */ = {
			isa = PBXSourcesBuildPhase;
			buildActionMask = 2147483647;
			files = (
				8437B2C121C72647008F03D9 /* testSwiftTests.swift in Sources */,
			);
			runOnlyForDeploymentPostprocessing = 0;
		};
		8437B2C321C72647008F03D9 /* Sources */ = {
			isa = PBXSourcesBuildPhase;
			buildActionMask = 2147483647;
			files = (
				8437B2CC21C72647008F03D9 /* testSwiftUITests.swift in Sources */,
			);
			runOnlyForDeploymentPostprocessing = 0;
		};
/* End PBXSourcesBuildPhase section */

/* Begin PBXTargetDependency section */
		8437B2BE21C72647008F03D9 /* PBXTargetDependency */ = {
			isa = PBXTargetDependency;
			target = 8437B2A721C7263C008F03D9 /* testSwift */;
			targetProxy = 8437B2BD21C72647008F03D9 /* PBXContainerItemProxy */;
		};
		8437B2C921C72647008F03D9 /* PBXTargetDependency */ = {
			isa = PBXTargetDependency;
			target = 8437B2A721C7263C008F03D9 /* testSwift */;
			targetProxy = 8437B2C821C72647008F03D9 /* PBXContainerItemProxy */;
		};
/* End PBXTargetDependency section */

/* Begin PBXVariantGroup section */
		8437B2AF21C7263C008F03D9 /* Main.storyboard */ = {
			isa = PBXVariantGroup;
			children = (
				8437B2B021C7263C008F03D9 /* Base */,
			);
			name = Main.storyboard;
			sourceTree = "<group>";
		};
		8437B2B421C72646008F03D9 /* LaunchScreen.storyboard */ = {
			isa = PBXVariantGroup;
			children = (
				8437B2B521C72646008F03D9 /* Base */,
			);
			name = LaunchScreen.storyboard;
			sourceTree = "<group>";
		};
/* End PBXVariantGroup section */

/* Begin XCBuildConfiguration section */
		8437B2CE21C72647008F03D9 /* Debug */ = {
			isa = XCBuildConfiguration;
			buildSettings = {
				ALWAYS_SEARCH_USER_PATHS = NO;
				CLANG_ANALYZER_NONNULL = YES;
				CLANG_ANALYZER_NUMBER_OBJECT_CONVERSION = YES_AGGRESSIVE;
				CLANG_CXX_LANGUAGE_STANDARD = "gnu++14";
				CLANG_CXX_LIBRARY = "libc++";
				CLANG_ENABLE_MODULES = YES;
				CLANG_ENABLE_OBJC_ARC = YES;
				CLANG_ENABLE_OBJC_WEAK = YES;
				CLANG_WARN_BLOCK_CAPTURE_AUTORELEASING = YES;
				CLANG_WARN_BOOL_CONVERSION = YES;
				CLANG_WARN_COMMA = YES;
				CLANG_WARN_CONSTANT_CONVERSION = YES;
				CLANG_WARN_DEPRECATED_OBJC_IMPLEMENTATIONS = YES;
				CLANG_WARN_DIRECT_OBJC_ISA_USAGE = YES_ERROR;
				CLANG_WARN_DOCUMENTATION_COMMENTS = YES;
				CLANG_WARN_EMPTY_BODY = YES;
				CLANG_WARN_ENUM_CONVERSION = YES;
				CLANG_WARN_INFINITE_RECURSION = YES;
				CLANG_WARN_INT_CONVERSION = YES;
				CLANG_WARN_NON_LITERAL_NULL_CONVERSION = YES;
				CLANG_WARN_OBJC_IMPLICIT_RETAIN_SELF = YES;
				CLANG_WARN_OBJC_LITERAL_CONVERSION = YES;
				CLANG_WARN_OBJC_ROOT_CLASS = YES_ERROR;
				CLANG_WARN_RANGE_LOOP_ANALYSIS = YES;
				CLANG_WARN_STRICT_PROTOTYPES = YES;
				CLANG_WARN_SUSPICIOUS_MOVE = YES;
				CLANG_WARN_UNGUARDED_AVAILABILITY = YES_AGGRESSIVE;
				CLANG_WARN_UNREACHABLE_CODE = YES;
				CLANG_WARN__DUPLICATE_METHOD_MATCH = YES;
				CODE_SIGN_IDENTITY = "iPhone Developer";
				COPY_PHASE_STRIP = NO;
				DEBUG_INFORMATION_FORMAT = dwarf;
				ENABLE_STRICT_OBJC_MSGSEND = YES;
				ENABLE_TESTABILITY = YES;
				GCC_C_LANGUAGE_STANDARD = gnu11;
				GCC_DYNAMIC_NO_PIC = NO;
				GCC_NO_COMMON_BLOCKS = YES;
				GCC_OPTIMIZATION_LEVEL = 0;
				GCC_PREPROCESSOR_DEFINITIONS = (
					"DEBUG=1",
					"$(inherited)",
				);
				GCC_WARN_64_TO_32_BIT_CONVERSION = YES;
				GCC_WARN_ABOUT_RETURN_TYPE = YES_ERROR;
				GCC_WARN_UNDECLARED_SELECTOR = YES;
				GCC_WARN_UNINITIALIZED_AUTOS = YES_AGGRESSIVE;
				GCC_WARN_UNUSED_FUNCTION = YES;
				GCC_WARN_UNUSED_VARIABLE = YES;
				IPHONEOS_DEPLOYMENT_TARGET = 12.1;
				MTL_ENABLE_DEBUG_INFO = INCLUDE_SOURCE;
				MTL_FAST_MATH = YES;
				ONLY_ACTIVE_ARCH = YES;
				SDKROOT = iphoneos;
				SWIFT_ACTIVE_COMPILATION_CONDITIONS = DEBUG;
				SWIFT_OPTIMIZATION_LEVEL = "-Onone";
			};
			name = Debug;
		};
		8437B2CF21C72647008F03D9 /* Release */ = {
			isa = XCBuildConfiguration;
			buildSettings = {
				ALWAYS_SEARCH_USER_PATHS = NO;
				CLANG_ANALYZER_NONNULL = YES;
				CLANG_ANALYZER_NUMBER_OBJECT_CONVERSION = YES_AGGRESSIVE;
				CLANG_CXX_LANGUAGE_STANDARD = "gnu++14";
				CLANG_CXX_LIBRARY = "libc++";
				CLANG_ENABLE_MODULES = YES;
				CLANG_ENABLE_OBJC_ARC = YES;
				CLANG_ENABLE_OBJC_WEAK = YES;
				CLANG_WARN_BLOCK_CAPTURE_AUTORELEASING = YES;
				CLANG_WARN_BOOL_CONVERSION = YES;
				CLANG_WARN_COMMA = YES;
				CLANG_WARN_CONSTANT_CONVERSION = YES;
				CLANG_WARN_DEPRECATED_OBJC_IMPLEMENTATIONS = YES;
				CLANG_WARN_DIRECT_OBJC_ISA_USAGE = YES_ERROR;
				CLANG_WARN_DOCUMENTATION_COMMENTS = YES;
				CLANG_WARN_EMPTY_BODY = YES;
				CLANG_WARN_ENUM_CONVERSION = YES;
				CLANG_WARN_INFINITE_RECURSION = YES;
				CLANG_WARN_INT_CONVERSION = YES;
				CLANG_WARN_NON_LITERAL_NULL_CONVERSION = YES;
				CLANG_WARN_OBJC_IMPLICIT_RETAIN_SELF = YES;
				CLANG_WARN_OBJC_LITERAL_CONVERSION = YES;
				CLANG_WARN_OBJC_ROOT_CLASS = YES_ERROR;
				CLANG_WARN_RANGE_LOOP_ANALYSIS = YES;
				CLANG_WARN_STRICT_PROTOTYPES = YES;
				CLANG_WARN_SUSPICIOUS_MOVE = YES;
				CLANG_WARN_UNGUARDED_AVAILABILITY = YES_AGGRESSIVE;
				CLANG_WARN_UNREACHABLE_CODE = YES;
				CLANG_WARN__DUPLICATE_METHOD_MATCH = YES;
				CODE_SIGN_IDENTITY = "iPhone Developer";
				COPY_PHASE_STRIP = NO;
				DEBUG_INFORMATION_FORMAT = "dwarf-with-dsym";
				ENABLE_NS_ASSERTIONS = NO;
				ENABLE_STRICT_OBJC_MSGSEND = YES;
				GCC_C_LANGUAGE_STANDARD = gnu11;
				GCC_NO_COMMON_BLOCKS = YES;
				GCC_WARN_64_TO_32_BIT_CONVERSION = YES;
				GCC_WARN_ABOUT_RETURN_TYPE = YES_ERROR;
				GCC_WARN_UNDECLARED_SELECTOR = YES;
				GCC_WARN_UNINITIALIZED_AUTOS = YES_AGGRESSIVE;
				GCC_WARN_UNUSED_FUNCTION = YES;
				GCC_WARN_UNUSED_VARIABLE = YES;
				IPHONEOS_DEPLOYMENT_TARGET = 12.1;
				MTL_ENABLE_DEBUG_INFO = NO;
				MTL_FAST_MATH = YES;
				SDKROOT = iphoneos;
				SWIFT_COMPILATION_MODE = wholemodule;
				SWIFT_OPTIMIZATION_LEVEL = "-O";
				VALIDATE_PRODUCT = YES;
			};
			name = Release;
		};
		8437B2D121C72647008F03D9 /* Debug */ = {
			isa = XCBuildConfiguration;
			buildSettings = {
				ASSETCATALOG_COMPILER_APPICON_NAME = AppIcon;
				CODE_SIGN_STYLE = Automatic;
				DEVELOPMENT_TEAM = 2L4B26T69J;
				INFOPLIST_FILE = testSwift/Info.plist;
				LD_RUNPATH_SEARCH_PATHS = (
					"$(inherited)",
					"@executable_path/Frameworks",
				);
				PRODUCT_BUNDLE_IDENTIFIER = com.erter.com.testSwift;
				PRODUCT_NAME = "$(TARGET_NAME)";
				SWIFT_VERSION = 4.2;
				TARGETED_DEVICE_FAMILY = "1,2";
			};
			name = Debug;
		};
		8437B2D221C72647008F03D9 /* Release */ = {
			isa = XCBuildConfiguration;
			buildSettings = {
				ASSETCATALOG_COMPILER_APPICON_NAME = AppIcon;
				CODE_SIGN_STYLE = Automatic;
				DEVELOPMENT_TEAM = 2L4B26T69J;
				INFOPLIST_FILE = testSwift/Info.plist;
				LD_RUNPATH_SEARCH_PATHS = (
					"$(inherited)",
					"@executable_path/Frameworks",
				);
				PRODUCT_BUNDLE_IDENTIFIER = com.erter.com.testSwift;
				PRODUCT_NAME = "$(TARGET_NAME)";
				SWIFT_VERSION = 4.2;
				TARGETED_DEVICE_FAMILY = "1,2";
			};
			name = Release;
		};
		8437B2D421C72647008F03D9 /* Debug */ = {
			isa = XCBuildConfiguration;
			buildSettings = {
				ALWAYS_EMBED_SWIFT_STANDARD_LIBRARIES = YES;
				BUNDLE_LOADER = "$(TEST_HOST)";
				CODE_SIGN_STYLE = Automatic;
				DEVELOPMENT_TEAM = 2L4B26T69J;
				INFOPLIST_FILE = testSwiftTests/Info.plist;
				LD_RUNPATH_SEARCH_PATHS = (
					"$(inherited)",
					"@executable_path/Frameworks",
					"@loader_path/Frameworks",
				);
				PRODUCT_BUNDLE_IDENTIFIER = com.erter.com.testSwiftTests;
				PRODUCT_NAME = "$(TARGET_NAME)";
				SWIFT_VERSION = 4.2;
				TARGETED_DEVICE_FAMILY = "1,2";
				TEST_HOST = "$(BUILT_PRODUCTS_DIR)/testSwift.app/testSwift";
			};
			name = Debug;
		};
		8437B2D521C72647008F03D9 /* Release */ = {
			isa = XCBuildConfiguration;
			buildSettings = {
				ALWAYS_EMBED_SWIFT_STANDARD_LIBRARIES = YES;
				BUNDLE_LOADER = "$(TEST_HOST)";
				CODE_SIGN_STYLE = Automatic;
				DEVELOPMENT_TEAM = 2L4B26T69J;
				INFOPLIST_FILE = testSwiftTests/Info.plist;
				LD_RUNPATH_SEARCH_PATHS = (
					"$(inherited)",
					"@executable_path/Frameworks",
					"@loader_path/Frameworks",
				);
				PRODUCT_BUNDLE_IDENTIFIER = com.erter.com.testSwiftTests;
				PRODUCT_NAME = "$(TARGET_NAME)";
				SWIFT_VERSION = 4.2;
				TARGETED_DEVICE_FAMILY = "1,2";
				TEST_HOST = "$(BUILT_PRODUCTS_DIR)/testSwift.app/testSwift";
			};
			name = Release;
		};
		8437B2D721C72647008F03D9 /* Debug */ = {
			isa = XCBuildConfiguration;
			buildSettings = {
				ALWAYS_EMBED_SWIFT_STANDARD_LIBRARIES = YES;
				CODE_SIGN_STYLE = Automatic;
				DEVELOPMENT_TEAM = 2L4B26T69J;
				INFOPLIST_FILE = testSwiftUITests/Info.plist;
				LD_RUNPATH_SEARCH_PATHS = (
					"$(inherited)",
					"@executable_path/Frameworks",
					"@loader_path/Frameworks",
				);
				PRODUCT_BUNDLE_IDENTIFIER = com.erter.com.testSwiftUITests;
				PRODUCT_NAME = "$(TARGET_NAME)";
				SWIFT_VERSION = 4.2;
				TARGETED_DEVICE_FAMILY = "1,2";
				TEST_TARGET_NAME = testSwift;
			};
			name = Debug;
		};
		8437B2D821C72647008F03D9 /* Release */ = {
			isa = XCBuildConfiguration;
			buildSettings = {
				ALWAYS_EMBED_SWIFT_STANDARD_LIBRARIES = YES;
				CODE_SIGN_STYLE = Automatic;
				DEVELOPMENT_TEAM = 2L4B26T69J;
				INFOPLIST_FILE = testSwiftUITests/Info.plist;
				LD_RUNPATH_SEARCH_PATHS = (
					"$(inherited)",
					"@executable_path/Frameworks",
					"@loader_path/Frameworks",
				);
				PRODUCT_BUNDLE_IDENTIFIER = com.erter.com.testSwiftUITests;
				PRODUCT_NAME = "$(TARGET_NAME)";
				SWIFT_VERSION = 4.2;
				TARGETED_DEVICE_FAMILY = "1,2";
				TEST_TARGET_NAME = testSwift;
			};
			name = Release;
		};
/* End XCBuildConfiguration section */

/* Begin XCConfigurationList section */
		8437B2A321C7263C008F03D9 /* Build configuration list for PBXProject "testSwift" */ = {
			isa = XCConfigurationList;
			buildConfigurations = (
				8437B2CE21C72647008F03D9 /* Debug */,
				8437B2CF21C72647008F03D9 /* Release */,
			);
			defaultConfigurationIsVisible = 0;
			defaultConfigurationName = Release;
		};
		8437B2D021C72647008F03D9 /* Build configuration list for PBXNativeTarget "testSwift" */ = {
			isa = XCConfigurationList;
			buildConfigurations = (
				8437B2D121C72647008F03D9 /* Debug */,
				8437B2D221C72647008F03D9 /* Release */,
			);
			defaultConfigurationIsVisible = 0;
			defaultConfigurationName = Release;
		};
		8437B2D321C72647008F03D9 /* Build configuration list for PBXNativeTarget "testSwiftTests" */ = {
			isa = XCConfigurationList;
			buildConfigurations = (
				8437B2D421C72647008F03D9 /* Debug */,
				8437B2D521C72647008F03D9 /* Release */,
			);
			defaultConfigurationIsVisible = 0;
			defaultConfigurationName = Release;
		};
		8437B2D621C72647008F03D9 /* Build configuration list for PBXNativeTarget "testSwiftUITests" */ = {
			isa = XCConfigurationList;
			buildConfigurations = (
				8437B2D721C72647008F03D9 /* Debug */,
				8437B2D821C72647008F03D9 /* Release */,
			);
			defaultConfigurationIsVisible = 0;
			defaultConfigurationName = Release;
		};
/* End XCConfigurationList section */
	};
	rootObject = 8437B2A021C7263C008F03D9 /* Project object */;
}
