// !$*UTF8*$!
{
	archiveVersion = 1;
	classes = {
	};
	objectVersion = 50;
	objects = {

/* Begin PBXBuildFile section */
		8405BA1F21E0429800622F87 /* HeadView.swift in Sources */ = {isa = PBXBuildFile; fileRef = 8405BA1E21E0429800622F87 /* HeadView.swift */; };
		8405BA2121E04B0500622F87 /* CustomTabBarViewController.swift in Sources */ = {isa = PBXBuildFile; fileRef = 8405BA2021E04B0500622F87 /* CustomTabBarViewController.swift */; };
		8405BA2521E059A500622F87 /* MineViewController.swift in Sources */ = {isa = PBXBuildFile; fileRef = 8405BA2421E059A500622F87 /* MineViewController.swift */; };
		8405BA2721E05A1200622F87 /* Alamofire.framework in Frameworks */ = {isa = PBXBuildFile; fileRef = 8405BA2621E05A1200622F87 /* Alamofire.framework */; };
		8405BA2921E0839500622F87 /* MineBaseView.swift in Sources */ = {isa = PBXBuildFile; fileRef = 8405BA2821E0839500622F87 /* MineBaseView.swift */; };
		8405BAE921E09A9300622F87 /* MineBaseTwoView.swift in Sources */ = {isa = PBXBuildFile; fileRef = 8405BAE821E09A9300622F87 /* MineBaseTwoView.swift */; };
		8405BAEB21E0A0C700622F87 /* MineBaseOneCollectionViewCell.swift in Sources */ = {isa = PBXBuildFile; fileRef = 8405BAEA21E0A0C700622F87 /* MineBaseOneCollectionViewCell.swift */; };
		840B0C5121E33ABA002C3835 /* LoginViewController.swift in Sources */ = {isa = PBXBuildFile; fileRef = 840B0C5021E33ABA002C3835 /* LoginViewController.swift */; };
		840B0C5321E33AEB002C3835 /* loginBG.jpg in Resources */ = {isa = PBXBuildFile; fileRef = 840B0C5221E33AEB002C3835 /* loginBG.jpg */; };
		8419941F21EC0DA700AA6593 /* ShowViewController.swift in Sources */ = {isa = PBXBuildFile; fileRef = 8419941E21EC0DA700AA6593 /* ShowViewController.swift */; };
		8419942121EC667900AA6593 /* UIImage+Extension.swift in Sources */ = {isa = PBXBuildFile; fileRef = 8419942021EC667900AA6593 /* UIImage+Extension.swift */; };
		8437B2AC21C7263C008F03D9 /* AppDelegate.swift in Sources */ = {isa = PBXBuildFile; fileRef = 8437B2AB21C7263C008F03D9 /* AppDelegate.swift */; };
		8437B2AE21C7263C008F03D9 /* ViewController.swift in Sources */ = {isa = PBXBuildFile; fileRef = 8437B2AD21C7263C008F03D9 /* ViewController.swift */; };
		8437B2B121C7263C008F03D9 /* Main.storyboard in Resources */ = {isa = PBXBuildFile; fileRef = 8437B2AF21C7263C008F03D9 /* Main.storyboard */; };
		8437B2B321C72646008F03D9 /* Assets.xcassets in Resources */ = {isa = PBXBuildFile; fileRef = 8437B2B221C72646008F03D9 /* Assets.xcassets */; };
		8437B2B621C72646008F03D9 /* LaunchScreen.storyboard in Resources */ = {isa = PBXBuildFile; fileRef = 8437B2B421C72646008F03D9 /* LaunchScreen.storyboard */; };
		8437B2C121C72647008F03D9 /* testSwiftTests.swift in Sources */ = {isa = PBXBuildFile; fileRef = 8437B2C021C72647008F03D9 /* testSwiftTests.swift */; };
		8437B2CC21C72647008F03D9 /* testSwiftUITests.swift in Sources */ = {isa = PBXBuildFile; fileRef = 8437B2CB21C72647008F03D9 /* testSwiftUITests.swift */; };
		8453E4A721E5A86A00F66964 /* LoginBaseTextField.swift in Sources */ = {isa = PBXBuildFile; fileRef = 8453E4A621E5A86A00F66964 /* LoginBaseTextField.swift */; };
		8453E4AA21E5D44200F66964 /* AddViewController.swift in Sources */ = {isa = PBXBuildFile; fileRef = 8453E4A921E5D44200F66964 /* AddViewController.swift */; };
		8453E4AD21E5D4E300F66964 /* PlayViewController.swift in Sources */ = {isa = PBXBuildFile; fileRef = 8453E4AC21E5D4E300F66964 /* PlayViewController.swift */; };
		8453E4AF21E5D82900F66964 /* LoginButton.swift in Sources */ = {isa = PBXBuildFile; fileRef = 8453E4AE21E5D82900F66964 /* LoginButton.swift */; };
		846BCE4F21DF045A00A48595 /* CustomTableViewCell.swift in Sources */ = {isa = PBXBuildFile; fileRef = 846BCE4E21DF045A00A48595 /* CustomTableViewCell.swift */; };
		846BCE5121DF115F00A48595 /* Model.swift in Sources */ = {isa = PBXBuildFile; fileRef = 846BCE5021DF115F00A48595 /* Model.swift */; };
		846BCE5521DF3F5300A48595 /* Kingfisher.framework in Frameworks */ = {isa = PBXBuildFile; fileRef = 846BCE5421DF3F5300A48595 /* Kingfisher.framework */; };
		846BCE5721DF4AA100A48595 /* CustomImageView.swift in Sources */ = {isa = PBXBuildFile; fileRef = 846BCE5621DF4AA100A48595 /* CustomImageView.swift */; };
		846CEB8221E49E2E006CAFF0 /* MineSignView.swift in Sources */ = {isa = PBXBuildFile; fileRef = 846CEB8121E49E2E006CAFF0 /* MineSignView.swift */; };
		846D8C0621ED63F200A683DE /* LeftButtonShowView.swift in Sources */ = {isa = PBXBuildFile; fileRef = 846D8C0521ED63F200A683DE /* LeftButtonShowView.swift */; };
		8481C87321C895D800AA3B9C /* SnapKit.framework in Frameworks */ = {isa = PBXBuildFile; fileRef = 8481C87221C895D800AA3B9C /* SnapKit.framework */; };
		84AA968221E2E8E4001A7DB1 /* FindViewController.swift in Sources */ = {isa = PBXBuildFile; fileRef = 84AA968121E2E8E4001A7DB1 /* FindViewController.swift */; };
		E2601545B7FBD606BDDDCA01 /* Pods_testSwift.framework in Frameworks */ = {isa = PBXBuildFile; fileRef = 2CE9E5F52FD2FA42B2B20215 /* Pods_testSwift.framework */; };
/* End PBXBuildFile section */

/* Begin PBXContainerItemProxy section */
		8437B2BD21C72647008F03D9 /* PBXContainerItemProxy */ = {
			isa = PBXContainerItemProxy;
			containerPortal = 8437B2A021C7263C008F03D9 /* Project object */;
			proxyType = 1;
			remoteGlobalIDString = 8437B2A721C7263C008F03D9;
			remoteInfo = testSwift;
		};
		8437B2C821C72647008F03D9 /* PBXContainerItemProxy */ = {
			isa = PBXContainerItemProxy;
			containerPortal = 8437B2A021C7263C008F03D9 /* Project object */;
			proxyType = 1;
			remoteGlobalIDString = 8437B2A721C7263C008F03D9;
			remoteInfo = testSwift;
		};
/* End PBXContainerItemProxy section */

/* Begin PBXFileReference section */
		2CE9E5F52FD2FA42B2B20215 /* Pods_testSwift.framework */ = {isa = PBXFileReference; explicitFileType = wrapper.framework; includeInIndex = 0; path = Pods_testSwift.framework; sourceTree = BUILT_PRODUCTS_DIR; };
		7EBD136620EF9FCD0AF88422 /* Pods-testSwift.release.xcconfig */ = {isa = PBXFileReference; includeInIndex = 1; lastKnownFileType = text.xcconfig; name = "Pods-testSwift.release.xcconfig"; path = "Pods/Target Support Files/Pods-testSwift/Pods-testSwift.release.xcconfig"; sourceTree = "<group>"; };
		8405BA1E21E0429800622F87 /* HeadView.swift */ = {isa = PBXFileReference; lastKnownFileType = sourcecode.swift; path = HeadView.swift; sourceTree = "<group>"; };
		8405BA2021E04B0500622F87 /* CustomTabBarViewController.swift */ = {isa = PBXFileReference; lastKnownFileType = sourcecode.swift; path = CustomTabBarViewController.swift; sourceTree = "<group>"; };
		8405BA2421E059A500622F87 /* MineViewController.swift */ = {isa = PBXFileReference; lastKnownFileType = sourcecode.swift; path = MineViewController.swift; sourceTree = "<group>"; };
		8405BA2621E05A1200622F87 /* Alamofire.framework */ = {isa = PBXFileReference; explicitFileType = wrapper.framework; path = Alamofire.framework; sourceTree = BUILT_PRODUCTS_DIR; };
		8405BA2821E0839500622F87 /* MineBaseView.swift */ = {isa = PBXFileReference; lastKnownFileType = sourcecode.swift; path = MineBaseView.swift; sourceTree = "<group>"; };
		8405BAE821E09A9300622F87 /* MineBaseTwoView.swift */ = {isa = PBXFileReference; lastKnownFileType = sourcecode.swift; path = MineBaseTwoView.swift; sourceTree = "<group>"; };
		8405BAEA21E0A0C700622F87 /* MineBaseOneCollectionViewCell.swift */ = {isa = PBXFileReference; lastKnownFileType = sourcecode.swift; path = MineBaseOneCollectionViewCell.swift; sourceTree = "<group>"; };
		840B0C5021E33ABA002C3835 /* LoginViewController.swift */ = {isa = PBXFileReference; lastKnownFileType = sourcecode.swift; path = LoginViewController.swift; sourceTree = "<group>"; };
		840B0C5221E33AEB002C3835 /* loginBG.jpg */ = {isa = PBXFileReference; lastKnownFileType = image.jpeg; path = loginBG.jpg; sourceTree = "<group>"; };
		8419941E21EC0DA700AA6593 /* ShowViewController.swift */ = {isa = PBXFileReference; lastKnownFileType = sourcecode.swift; path = ShowViewController.swift; sourceTree = "<group>"; };
		8419942021EC667900AA6593 /* UIImage+Extension.swift */ = {isa = PBXFileReference; lastKnownFileType = sourcecode.swift; path = "UIImage+Extension.swift"; sourceTree = "<group>"; };
		8437B2A821C7263C008F03D9 /* testSwift.app */ = {isa = PBXFileReference; explicitFileType = wrapper.application; includeInIndex = 0; path = testSwift.app; sourceTree = BUILT_PRODUCTS_DIR; };
		8437B2AB21C7263C008F03D9 /* AppDelegate.swift */ = {isa = PBXFileReference; lastKnownFileType = sourcecode.swift; path = AppDelegate.swift; sourceTree = "<group>"; };
		8437B2AD21C7263C008F03D9 /* ViewController.swift */ = {isa = PBXFileReference; lastKnownFileType = sourcecode.swift; path = ViewController.swift; sourceTree = "<group>"; };
		8437B2B021C7263C008F03D9 /* Base */ = {isa = PBXFileReference; lastKnownFileType = file.storyboard; name = Base; path = Base.lproj/Main.storyboard; sourceTree = "<group>"; };
		8437B2B221C72646008F03D9 /* Assets.xcassets */ = {isa = PBXFileReference; lastKnownFileType = folder.assetcatalog; path = Assets.xcassets; sourceTree = "<group>"; };
		8437B2B521C72646008F03D9 /* Base */ = {isa = PBXFileReference; lastKnownFileType = file.storyboard; name = Base; path = Base.lproj/LaunchScreen.storyboard; sourceTree = "<group>"; };
		8437B2B721C72646008F03D9 /* Info.plist */ = {isa = PBXFileReference; lastKnownFileType = text.plist.xml; path = Info.plist; sourceTree = "<group>"; };
		8437B2BC21C72647008F03D9 /* testSwiftTests.xctest */ = {isa = PBXFileReference; explicitFileType = wrapper.cfbundle; includeInIndex = 0; path = testSwiftTests.xctest; sourceTree = BUILT_PRODUCTS_DIR; };
		8437B2C021C72647008F03D9 /* testSwiftTests.swift */ = {isa = PBXFileReference; lastKnownFileType = sourcecode.swift; path = testSwiftTests.swift; sourceTree = "<group>"; };
		8437B2C221C72647008F03D9 /* Info.plist */ = {isa = PBXFileReference; lastKnownFileType = text.plist.xml; path = Info.plist; sourceTree = "<group>"; };
		8437B2C721C72647008F03D9 /* testSwiftUITests.xctest */ = {isa = PBXFileReference; explicitFileType = wrapper.cfbundle; includeInIndex = 0; path = testSwiftUITests.xctest; sourceTree = BUILT_PRODUCTS_DIR; };
		8437B2CB21C72647008F03D9 /* testSwiftUITests.swift */ = {isa = PBXFileReference; lastKnownFileType = sourcecode.swift; path = testSwiftUITests.swift; sourceTree = "<group>"; };
		8437B2CD21C72647008F03D9 /* Info.plist */ = {isa = PBXFileReference; lastKnownFileType = text.plist.xml; path = Info.plist; sourceTree = "<group>"; };
		8453E4A621E5A86A00F66964 /* LoginBaseTextField.swift */ = {isa = PBXFileReference; lastKnownFileType = sourcecode.swift; path = LoginBaseTextField.swift; sourceTree = "<group>"; };
		8453E4A921E5D44200F66964 /* AddViewController.swift */ = {isa = PBXFileReference; lastKnownFileType = sourcecode.swift; path = AddViewController.swift; sourceTree = "<group>"; };
		8453E4AC21E5D4E300F66964 /* PlayViewController.swift */ = {isa = PBXFileReference; lastKnownFileType = sourcecode.swift; path = PlayViewController.swift; sourceTree = "<group>"; };
		8453E4AE21E5D82900F66964 /* LoginButton.swift */ = {isa = PBXFileReference; lastKnownFileType = sourcecode.swift; path = LoginButton.swift; sourceTree = "<group>"; };
		846BCE4E21DF045A00A48595 /* CustomTableViewCell.swift */ = {isa = PBXFileReference; lastKnownFileType = sourcecode.swift; path = CustomTableViewCell.swift; sourceTree = "<group>"; };
		846BCE5021DF115F00A48595 /* Model.swift */ = {isa = PBXFileReference; lastKnownFileType = sourcecode.swift; path = Model.swift; sourceTree = "<group>"; };
		846BCE5421DF3F5300A48595 /* Kingfisher.framework */ = {isa = PBXFileReference; explicitFileType = wrapper.framework; path = Kingfisher.framework; sourceTree = BUILT_PRODUCTS_DIR; };
		846BCE5621DF4AA100A48595 /* CustomImageView.swift */ = {isa = PBXFileReference; lastKnownFileType = sourcecode.swift; path = CustomImageView.swift; sourceTree = "<group>"; };
		846CEB8121E49E2E006CAFF0 /* MineSignView.swift */ = {isa = PBXFileReference; lastKnownFileType = sourcecode.swift; path = MineSignView.swift; sourceTree = "<group>"; };
		846D8C0521ED63F200A683DE /* LeftButtonShowView.swift */ = {isa = PBXFileReference; lastKnownFileType = sourcecode.swift; path = LeftButtonShowView.swift; sourceTree = "<group>"; };
		8481C87221C895D800AA3B9C /* SnapKit.framework */ = {isa = PBXFileReference; explicitFileType = wrapper.framework; path = SnapKit.framework; sourceTree = BUILT_PRODUCTS_DIR; };
		84AA968121E2E8E4001A7DB1 /* FindViewController.swift */ = {isa = PBXFileReference; lastKnownFileType = sourcecode.swift; path = FindViewController.swift; sourceTree = "<group>"; };
		B2403F382764B7A475F362DA /* Pods-testSwift.debug.xcconfig */ = {isa = PBXFileReference; includeInIndex = 1; lastKnownFileType = text.xcconfig; name = "Pods-testSwift.debug.xcconfig"; path = "Pods/Target Support Files/Pods-testSwift/Pods-testSwift.debug.xcconfig"; sourceTree = "<group>"; };
/* End PBXFileReference section */

/* Begin PBXFrameworksBuildPhase section */
		8437B2A521C7263C008F03D9 /* Frameworks */ = {
			isa = PBXFrameworksBuildPhase;
			buildActionMask = 2147483647;
			files = (
				8405BA2721E05A1200622F87 /* Alamofire.framework in Frameworks */,
				846BCE5521DF3F5300A48595 /* Kingfisher.framework in Frameworks */,
				8481C87321C895D800AA3B9C /* SnapKit.framework in Frameworks */,
				E2601545B7FBD606BDDDCA01 /* Pods_testSwift.framework in Frameworks */,
			);
			runOnlyForDeploymentPostprocessing = 0;
		};
		8437B2B921C72647008F03D9 /* Frameworks */ = {
			isa = PBXFrameworksBuildPhase;
			buildActionMask = 2147483647;
			files = (
			);
			runOnlyForDeploymentPostprocessing = 0;
		};
		8437B2C421C72647008F03D9 /* Frameworks */ = {
			isa = PBXFrameworksBuildPhase;
			buildActionMask = 2147483647;
			files = (
			);
			runOnlyForDeploymentPostprocessing = 0;
		};
/* End PBXFrameworksBuildPhase section */

/* Begin PBXGroup section */
		26CDEA47B8AFBB8BA1C03C68 /* Frameworks */ = {
			isa = PBXGroup;
			children = (
				8405BA2621E05A1200622F87 /* Alamofire.framework */,
				846BCE5421DF3F5300A48595 /* Kingfisher.framework */,
				8481C87221C895D800AA3B9C /* SnapKit.framework */,
				2CE9E5F52FD2FA42B2B20215 /* Pods_testSwift.framework */,
			);
			name = Frameworks;
			sourceTree = "<group>";
		};
		8405BA2221E054A800622F87 /* 首页 */ = {
			isa = PBXGroup;
			children = (
				846BCE5021DF115F00A48595 /* Model.swift */,
				8437B2AD21C7263C008F03D9 /* ViewController.swift */,
				846BCE4E21DF045A00A48595 /* CustomTableViewCell.swift */,
				846BCE5621DF4AA100A48595 /* CustomImageView.swift */,
				8405BA1E21E0429800622F87 /* HeadView.swift */,
			);
			path = "首页";
			sourceTree = "<group>";
		};
		8405BA2321E0597C00622F87 /* 我的 */ = {
			isa = PBXGroup;
			children = (
				8405BA2421E059A500622F87 /* MineViewController.swift */,
				846CEB8121E49E2E006CAFF0 /* MineSignView.swift */,
				8405BA2821E0839500622F87 /* MineBaseView.swift */,
				8405BAE821E09A9300622F87 /* MineBaseTwoView.swift */,
				8405BAEA21E0A0C700622F87 /* MineBaseOneCollectionViewCell.swift */,
			);
			path = "我的";
			sourceTree = "<group>";
		};
		840B0C4F21E33A95002C3835 /* 登陆 */ = {
			isa = PBXGroup;
			children = (
				840B0C5221E33AEB002C3835 /* loginBG.jpg */,
				840B0C5021E33ABA002C3835 /* LoginViewController.swift */,
				8453E4A621E5A86A00F66964 /* LoginBaseTextField.swift */,
				8453E4AE21E5D82900F66964 /* LoginButton.swift */,
			);
			path = "登陆";
			sourceTree = "<group>";
		};
		8419941D21EC0D7C00AA6593 /* 展示具体 */ = {
			isa = PBXGroup;
			children = (
				8419941E21EC0DA700AA6593 /* ShowViewController.swift */,
				846D8C0521ED63F200A683DE /* LeftButtonShowView.swift */,
			);
			path = "展示具体";
			sourceTree = "<group>";
		};
		8437B29F21C7263C008F03D9 = {
			isa = PBXGroup;
			children = (
				8437B2AA21C7263C008F03D9 /* testSwift */,
				8437B2BF21C72647008F03D9 /* testSwiftTests */,
				8437B2CA21C72647008F03D9 /* testSwiftUITests */,
				8437B2A921C7263C008F03D9 /* Products */,
				FFFB918A931C38FF9299799D /* Pods */,
				26CDEA47B8AFBB8BA1C03C68 /* Frameworks */,
			);
			sourceTree = "<group>";
		};
		8437B2A921C7263C008F03D9 /* Products */ = {
			isa = PBXGroup;
			children = (
				8437B2A821C7263C008F03D9 /* testSwift.app */,
				8437B2BC21C72647008F03D9 /* testSwiftTests.xctest */,
				8437B2C721C72647008F03D9 /* testSwiftUITests.xctest */,
			);
			name = Products;
			sourceTree = "<group>";
		};
		8437B2AA21C7263C008F03D9 /* testSwift */ = {
			isa = PBXGroup;
			children = (
				846BCE5821DF4C9200A48595 /* Extender */,
				8437B2AB21C7263C008F03D9 /* AppDelegate.swift */,
				8405BA2021E04B0500622F87 /* CustomTabBarViewController.swift */,
				8419941D21EC0D7C00AA6593 /* 展示具体 */,
				8453E4AB21E5D4C700F66964 /* 播放 */,
				840B0C4F21E33A95002C3835 /* 登陆 */,
				8405BA2321E0597C00622F87 /* 我的 */,
				8405BA2221E054A800622F87 /* 首页 */,
				84AA968021E2E89B001A7DB1 /* 发现 */,
				8453E4A821E5D41C00F66964 /* 添加 */,
				8437B2AF21C7263C008F03D9 /* Main.storyboard */,
				8437B2B221C72646008F03D9 /* Assets.xcassets */,
				8437B2B421C72646008F03D9 /* LaunchScreen.storyboard */,
				8437B2B721C72646008F03D9 /* Info.plist */,
			);
			path = testSwift;
			sourceTree = "<group>";
		};
		8437B2BF21C72647008F03D9 /* testSwiftTests */ = {
			isa = PBXGroup;
			children = (
				8437B2C021C72647008F03D9 /* testSwiftTests.swift */,
				8437B2C221C72647008F03D9 /* Info.plist */,
			);
			path = testSwiftTests;
			sourceTree = "<group>";
		};
		8437B2CA21C72647008F03D9 /* testSwiftUITests */ = {
			isa = PBXGroup;
			children = (
				8437B2CB21C72647008F03D9 /* testSwiftUITests.swift */,
				8437B2CD21C72647008F03D9 /* Info.plist */,
			);
			path = testSwiftUITests;
			sourceTree = "<group>";
		};
		8453E4A821E5D41C00F66964 /* 添加 */ = {
			isa = PBXGroup;
			children = (
				8453E4A921E5D44200F66964 /* AddViewController.swift */,
			);
			path = "添加";
			sourceTree = "<group>";
		};
		8453E4AB21E5D4C700F66964 /* 播放 */ = {
			isa = PBXGroup;
			children = (
				8453E4AC21E5D4E300F66964 /* PlayViewController.swift */,
			);
			path = "播放";
			sourceTree = "<group>";
		};
		846BCE5821DF4C9200A48595 /* Extender */ = {
			isa = PBXGroup;
			children = (
				8419942021EC667900AA6593 /* UIImage+Extension.swift */,
			);
			path = Extender;
			sourceTree = "<group>";
		};
		84AA968021E2E89B001A7DB1 /* 发现 */ = {
			isa = PBXGroup;
			children = (
				84AA968121E2E8E4001A7DB1 /* FindViewController.swift */,
			);
			path = "发现";
			sourceTree = "<group>";
		};
		FFFB918A931C38FF9299799D /* Pods */ = {
			isa = PBXGroup;
			children = (
				B2403F382764B7A475F362DA /* Pods-testSwift.debug.xcconfig */,
				7EBD136620EF9FCD0AF88422 /* Pods-testSwift.release.xcconfig */,
			);
			name = Pods;
			sourceTree = "<group>";
		};
/* End PBXGroup section */

/* Begin PBXNativeTarget section */
		8437B2A721C7263C008F03D9 /* testSwift */ = {
			isa = PBXNativeTarget;
			buildConfigurationList = 8437B2D021C72647008F03D9 /* Build configuration list for PBXNativeTarget "testSwift" */;
			buildPhases = (
				374EBE3B0407286E676B62DE /* [CP] Check Pods Manifest.lock */,
				8437B2A421C7263C008F03D9 /* Sources */,
				8437B2A521C7263C008F03D9 /* Frameworks */,
				8437B2A621C7263C008F03D9 /* Resources */,
				EBB0D6AD0ADD8D9FD211FAE7 /* [CP] Embed Pods Frameworks */,
			);
			buildRules = (
			);
			dependencies = (
			);
			name = testSwift;
			productName = testSwift;
			productReference = 8437B2A821C7263C008F03D9 /* testSwift.app */;
			productType = "com.apple.product-type.application";
		};
		8437B2BB21C72647008F03D9 /* testSwiftTests */ = {
			isa = PBXNativeTarget;
			buildConfigurationList = 8437B2D321C72647008F03D9 /* Build configuration list for PBXNativeTarget "testSwiftTests" */;
			buildPhases = (
				8437B2B821C72647008F03D9 /* Sources */,
				8437B2B921C72647008F03D9 /* Frameworks */,
				8437B2BA21C72647008F03D9 /* Resources */,
			);
			buildRules = (
			);
			dependencies = (
				8437B2BE21C72647008F03D9 /* PBXTargetDependency */,
			);
			name = testSwiftTests;
			productName = testSwiftTests;
			productReference = 8437B2BC21C72647008F03D9 /* testSwiftTests.xctest */;
			productType = "com.apple.product-type.bundle.unit-test";
		};
		8437B2C621C72647008F03D9 /* testSwiftUITests */ = {
			isa = PBXNativeTarget;
			buildConfigurationList = 8437B2D621C72647008F03D9 /* Build configuration list for PBXNativeTarget "testSwiftUITests" */;
			buildPhases = (
				8437B2C321C72647008F03D9 /* Sources */,
				8437B2C421C72647008F03D9 /* Frameworks */,
				8437B2C521C72647008F03D9 /* Resources */,
			);
			buildRules = (
			);
			dependencies = (
				8437B2C921C72647008F03D9 /* PBXTargetDependency */,
			);
			name = testSwiftUITests;
			productName = testSwiftUITests;
			productReference = 8437B2C721C72647008F03D9 /* testSwiftUITests.xctest */;
			productType = "com.apple.product-type.bundle.ui-testing";
		};
/* End PBXNativeTarget section */

/* Begin PBXProject section */
		8437B2A021C7263C008F03D9 /* Project object */ = {
			isa = PBXProject;
			attributes = {
				LastSwiftUpdateCheck = 1010;
				LastUpgradeCheck = 1010;
				ORGANIZATIONNAME = Admin;
				TargetAttributes = {
					8437B2A721C7263C008F03D9 = {
						CreatedOnToolsVersion = 10.1;
					};
					8437B2BB21C72647008F03D9 = {
						CreatedOnToolsVersion = 10.1;
						TestTargetID = 8437B2A721C7263C008F03D9;
					};
					8437B2C621C72647008F03D9 = {
						CreatedOnToolsVersion = 10.1;
						TestTargetID = 8437B2A721C7263C008F03D9;
					};
				};
			};
			buildConfigurationList = 8437B2A321C7263C008F03D9 /* Build configuration list for PBXProject "testSwift" */;
			compatibilityVersion = "Xcode 9.3";
			developmentRegion = en;
			hasScannedForEncodings = 0;
			knownRegions = (
				en,
				Base,
			);
			mainGroup = 8437B29F21C7263C008F03D9;
			productRefGroup = 8437B2A921C7263C008F03D9 /* Products */;
			projectDirPath = "";
			projectRoot = "";
			targets = (
				8437B2A721C7263C008F03D9 /* testSwift */,
				8437B2BB21C72647008F03D9 /* testSwiftTests */,
				8437B2C621C72647008F03D9 /* testSwiftUITests */,
			);
		};
/* End PBXProject section */

/* Begin PBXResourcesBuildPhase section */
		8437B2A621C7263C008F03D9 /* Resources */ = {
			isa = PBXResourcesBuildPhase;
			buildActionMask = 2147483647;
			files = (
				840B0C5321E33AEB002C3835 /* loginBG.jpg in Resources */,
				8437B2B621C72646008F03D9 /* LaunchScreen.storyboard in Resources */,
				8437B2B321C72646008F03D9 /* Assets.xcassets in Resources */,
				8437B2B121C7263C008F03D9 /* Main.storyboard in Resources */,
			);
			runOnlyForDeploymentPostprocessing = 0;
		};
		8437B2BA21C72647008F03D9 /* Resources */ = {
			isa = PBXResourcesBuildPhase;
			buildActionMask = 2147483647;
			files = (
			);
			runOnlyForDeploymentPostprocessing = 0;
		};
		8437B2C521C72647008F03D9 /* Resources */ = {
			isa = PBXResourcesBuildPhase;
			buildActionMask = 2147483647;
			files = (
			);
			runOnlyForDeploymentPostprocessing = 0;
		};
/* End PBXResourcesBuildPhase section */

/* Begin PBXShellScriptBuildPhase section */
		374EBE3B0407286E676B62DE /* [CP] Check Pods Manifest.lock */ = {
			isa = PBXShellScriptBuildPhase;
			buildActionMask = 2147483647;
			files = (
			);
			inputPaths = (
				"${PODS_PODFILE_DIR_PATH}/Podfile.lock",
				"${PODS_ROOT}/Manifest.lock",
			);
			name = "[CP] Check Pods Manifest.lock";
			outputPaths = (
				"$(DERIVED_FILE_DIR)/Pods-testSwift-checkManifestLockResult.txt",
			);
			runOnlyForDeploymentPostprocessing = 0;
			shellPath = /bin/sh;
			shellScript = "diff \"${PODS_PODFILE_DIR_PATH}/Podfile.lock\" \"${PODS_ROOT}/Manifest.lock\" > /dev/null\nif [ $? != 0 ] ; then\n    # print error to STDERR\n    echo \"error: The sandbox is not in sync with the Podfile.lock. Run 'pod install' or update your CocoaPods installation.\" >&2\n    exit 1\nfi\n# This output is used by Xcode 'outputs' to avoid re-running this script phase.\necho \"SUCCESS\" > \"${SCRIPT_OUTPUT_FILE_0}\"\n";
			showEnvVarsInLog = 0;
		};
		EBB0D6AD0ADD8D9FD211FAE7 /* [CP] Embed Pods Frameworks */ = {
			isa = PBXShellScriptBuildPhase;
			buildActionMask = 2147483647;
			files = (
			);
			inputPaths = (
				"${SRCROOT}/Pods/Target Support Files/Pods-testSwift/Pods-testSwift-frameworks.sh",
				"${BUILT_PRODUCTS_DIR}/Alamofire/Alamofire.framework",
				"${BUILT_PRODUCTS_DIR}/Kingfisher/Kingfisher.framework",
				"${BUILT_PRODUCTS_DIR}/SnapKit/SnapKit.framework",
			);
			name = "[CP] Embed Pods Frameworks";
			outputPaths = (
				"${TARGET_BUILD_DIR}/${FRAMEWORKS_FOLDER_PATH}/Alamofire.framework",
				"${TARGET_BUILD_DIR}/${FRAMEWORKS_FOLDER_PATH}/Kingfisher.framework",
				"${TARGET_BUILD_DIR}/${FRAMEWORKS_FOLDER_PATH}/SnapKit.framework",
			);
			runOnlyForDeploymentPostprocessing = 0;
			shellPath = /bin/sh;
			shellScript = "\"${SRCROOT}/Pods/Target Support Files/Pods-testSwift/Pods-testSwift-frameworks.sh\"\n";
			showEnvVarsInLog = 0;
		};
/* End PBXShellScriptBuildPhase section */

/* Begin PBXSourcesBuildPhase section */
		8437B2A421C7263C008F03D9 /* Sources */ = {
			isa = PBXSourcesBuildPhase;
			buildActionMask = 2147483647;
			files = (
				8405BA2921E0839500622F87 /* MineBaseView.swift in Sources */,
				8453E4AF21E5D82900F66964 /* LoginButton.swift in Sources */,
				846BCE4F21DF045A00A48595 /* CustomTableViewCell.swift in Sources */,
				8437B2AE21C7263C008F03D9 /* ViewController.swift in Sources */,
				8453E4A721E5A86A00F66964 /* LoginBaseTextField.swift in Sources */,
				8405BAE921E09A9300622F87 /* MineBaseTwoView.swift in Sources */,
				8437B2AC21C7263C008F03D9 /* AppDelegate.swift in Sources */,
				8419942121EC667900AA6593 /* UIImage+Extension.swift in Sources */,
				8405BAEB21E0A0C700622F87 /* MineBaseOneCollectionViewCell.swift in Sources */,
				8405BA2521E059A500622F87 /* MineViewController.swift in Sources */,
				8419941F21EC0DA700AA6593 /* ShowViewController.swift in Sources */,
				846BCE5121DF115F00A48595 /* Model.swift in Sources */,
				8453E4AD21E5D4E300F66964 /* PlayViewController.swift in Sources */,
				8405BA2121E04B0500622F87 /* CustomTabBarViewController.swift in Sources */,
				846D8C0621ED63F200A683DE /* LeftButtonShowView.swift in Sources */,
				8453E4AA21E5D44200F66964 /* AddViewController.swift in Sources */,
				8405BA1F21E0429800622F87 /* HeadView.swift in Sources */,
				846BCE5721DF4AA100A48595 /* CustomImageView.swift in Sources */,
				840B0C5121E33ABA002C3835 /* LoginViewController.swift in Sources */,
				846CEB8221E49E2E006CAFF0 /* MineSignView.swift in Sources */,
				84AA968221E2E8E4001A7DB1 /* FindViewController.swift in Sources */,
			);
			runOnlyForDeploymentPostprocessing = 0;
		};
		8437B2B821C72647008F03D9 /* Sources */ = {
			isa = PBXSourcesBuildPhase;
			buildActionMask = 2147483647;
			files = (
				8437B2C121C72647008F03D9 /* testSwiftTests.swift in Sources */,
			);
			runOnlyForDeploymentPostprocessing = 0;
		};
		8437B2C321C72647008F03D9 /* Sources */ = {
			isa = PBXSourcesBuildPhase;
			buildActionMask = 2147483647;
			files = (
				8437B2CC21C72647008F03D9 /* testSwiftUITests.swift in Sources */,
			);
			runOnlyForDeploymentPostprocessing = 0;
		};
/* End PBXSourcesBuildPhase section */

/* Begin PBXTargetDependency section */
		8437B2BE21C72647008F03D9 /* PBXTargetDependency */ = {
			isa = PBXTargetDependency;
			target = 8437B2A721C7263C008F03D9 /* testSwift */;
			targetProxy = 8437B2BD21C72647008F03D9 /* PBXContainerItemProxy */;
		};
		8437B2C921C72647008F03D9 /* PBXTargetDependency */ = {
			isa = PBXTargetDependency;
			target = 8437B2A721C7263C008F03D9 /* testSwift */;
			targetProxy = 8437B2C821C72647008F03D9 /* PBXContainerItemProxy */;
		};
/* End PBXTargetDependency section */

/* Begin PBXVariantGroup section */
		8437B2AF21C7263C008F03D9 /* Main.storyboard */ = {
			isa = PBXVariantGroup;
			children = (
				8437B2B021C7263C008F03D9 /* Base */,
			);
			name = Main.storyboard;
			sourceTree = "<group>";
		};
		8437B2B421C72646008F03D9 /* LaunchScreen.storyboard */ = {
			isa = PBXVariantGroup;
			children = (
				8437B2B521C72646008F03D9 /* Base */,
			);
			name = LaunchScreen.storyboard;
			sourceTree = "<group>";
		};
/* End PBXVariantGroup section */

/* Begin XCBuildConfiguration section */
		8437B2CE21C72647008F03D9 /* Debug */ = {
			isa = XCBuildConfiguration;
			buildSettings = {
				ALWAYS_SEARCH_USER_PATHS = NO;
				CLANG_ANALYZER_NONNULL = YES;
				CLANG_ANALYZER_NUMBER_OBJECT_CONVERSION = YES_AGGRESSIVE;
				CLANG_CXX_LANGUAGE_STANDARD = "gnu++14";
				CLANG_CXX_LIBRARY = "libc++";
				CLANG_ENABLE_MODULES = YES;
				CLANG_ENABLE_OBJC_ARC = YES;
				CLANG_ENABLE_OBJC_WEAK = YES;
				CLANG_WARN_BLOCK_CAPTURE_AUTORELEASING = YES;
				CLANG_WARN_BOOL_CONVERSION = YES;
				CLANG_WARN_COMMA = YES;
				CLANG_WARN_CONSTANT_CONVERSION = YES;
				CLANG_WARN_DEPRECATED_OBJC_IMPLEMENTATIONS = YES;
				CLANG_WARN_DIRECT_OBJC_ISA_USAGE = YES_ERROR;
				CLANG_WARN_DOCUMENTATION_COMMENTS = YES;
				CLANG_WARN_EMPTY_BODY = YES;
				CLANG_WARN_ENUM_CONVERSION = YES;
				CLANG_WARN_INFINITE_RECURSION = YES;
				CLANG_WARN_INT_CONVERSION = YES;
				CLANG_WARN_NON_LITERAL_NULL_CONVERSION = YES;
				CLANG_WARN_OBJC_IMPLICIT_RETAIN_SELF = YES;
				CLANG_WARN_OBJC_LITERAL_CONVERSION = YES;
				CLANG_WARN_OBJC_ROOT_CLASS = YES_ERROR;
				CLANG_WARN_RANGE_LOOP_ANALYSIS = YES;
				CLANG_WARN_STRICT_PROTOTYPES = YES;
				CLANG_WARN_SUSPICIOUS_MOVE = YES;
				CLANG_WARN_UNGUARDED_AVAILABILITY = YES_AGGRESSIVE;
				CLANG_WARN_UNREACHABLE_CODE = YES;
				CLANG_WARN__DUPLICATE_METHOD_MATCH = YES;
				CODE_SIGN_IDENTITY = "iPhone Developer";
				COPY_PHASE_STRIP = NO;
				DEBUG_INFORMATION_FORMAT = dwarf;
				ENABLE_STRICT_OBJC_MSGSEND = YES;
				ENABLE_TESTABILITY = YES;
				GCC_C_LANGUAGE_STANDARD = gnu11;
				GCC_DYNAMIC_NO_PIC = NO;
				GCC_NO_COMMON_BLOCKS = YES;
				GCC_OPTIMIZATION_LEVEL = 0;
				GCC_PREPROCESSOR_DEFINITIONS = (
					"DEBUG=1",
					"$(inherited)",
				);
				GCC_WARN_64_TO_32_BIT_CONVERSION = YES;
				GCC_WARN_ABOUT_RETURN_TYPE = YES_ERROR;
				GCC_WARN_UNDECLARED_SELECTOR = YES;
				GCC_WARN_UNINITIALIZED_AUTOS = YES_AGGRESSIVE;
				GCC_WARN_UNUSED_FUNCTION = YES;
				GCC_WARN_UNUSED_VARIABLE = YES;
				IPHONEOS_DEPLOYMENT_TARGET = 12.1;
				MTL_ENABLE_DEBUG_INFO = INCLUDE_SOURCE;
				MTL_FAST_MATH = YES;
				ONLY_ACTIVE_ARCH = YES;
				SDKROOT = iphoneos;
				SWIFT_ACTIVE_COMPILATION_CONDITIONS = DEBUG;
				SWIFT_OPTIMIZATION_LEVEL = "-Onone";
			};
			name = Debug;
		};
		8437B2CF21C72647008F03D9 /* Release */ = {
			isa = XCBuildConfiguration;
			buildSettings = {
				ALWAYS_SEARCH_USER_PATHS = NO;
				CLANG_ANALYZER_NONNULL = YES;
				CLANG_ANALYZER_NUMBER_OBJECT_CONVERSION = YES_AGGRESSIVE;
				CLANG_CXX_LANGUAGE_STANDARD = "gnu++14";
				CLANG_CXX_LIBRARY = "libc++";
				CLANG_ENABLE_MODULES = YES;
				CLANG_ENABLE_OBJC_ARC = YES;
				CLANG_ENABLE_OBJC_WEAK = YES;
				CLANG_WARN_BLOCK_CAPTURE_AUTORELEASING = YES;
				CLANG_WARN_BOOL_CONVERSION = YES;
				CLANG_WARN_COMMA = YES;
				CLANG_WARN_CONSTANT_CONVERSION = YES;
				CLANG_WARN_DEPRECATED_OBJC_IMPLEMENTATIONS = YES;
				CLANG_WARN_DIRECT_OBJC_ISA_USAGE = YES_ERROR;
				CLANG_WARN_DOCUMENTATION_COMMENTS = YES;
				CLANG_WARN_EMPTY_BODY = YES;
				CLANG_WARN_ENUM_CONVERSION = YES;
				CLANG_WARN_INFINITE_RECURSION = YES;
				CLANG_WARN_INT_CONVERSION = YES;
				CLANG_WARN_NON_LITERAL_NULL_CONVERSION = YES;
				CLANG_WARN_OBJC_IMPLICIT_RETAIN_SELF = YES;
				CLANG_WARN_OBJC_LITERAL_CONVERSION = YES;
				CLANG_WARN_OBJC_ROOT_CLASS = YES_ERROR;
				CLANG_WARN_RANGE_LOOP_ANALYSIS = YES;
				CLANG_WARN_STRICT_PROTOTYPES = YES;
				CLANG_WARN_SUSPICIOUS_MOVE = YES;
				CLANG_WARN_UNGUARDED_AVAILABILITY = YES_AGGRESSIVE;
				CLANG_WARN_UNREACHABLE_CODE = YES;
				CLANG_WARN__DUPLICATE_METHOD_MATCH = YES;
				CODE_SIGN_IDENTITY = "iPhone Developer";
				COPY_PHASE_STRIP = NO;
				DEBUG_INFORMATION_FORMAT = "dwarf-with-dsym";
				ENABLE_NS_ASSERTIONS = NO;
				ENABLE_STRICT_OBJC_MSGSEND = YES;
				GCC_C_LANGUAGE_STANDARD = gnu11;
				GCC_NO_COMMON_BLOCKS = YES;
				GCC_WARN_64_TO_32_BIT_CONVERSION = YES;
				GCC_WARN_ABOUT_RETURN_TYPE = YES_ERROR;
				GCC_WARN_UNDECLARED_SELECTOR = YES;
				GCC_WARN_UNINITIALIZED_AUTOS = YES_AGGRESSIVE;
				GCC_WARN_UNUSED_FUNCTION = YES;
				GCC_WARN_UNUSED_VARIABLE = YES;
				IPHONEOS_DEPLOYMENT_TARGET = 12.1;
				MTL_ENABLE_DEBUG_INFO = NO;
				MTL_FAST_MATH = YES;
				SDKROOT = iphoneos;
				SWIFT_COMPILATION_MODE = wholemodule;
				SWIFT_OPTIMIZATION_LEVEL = "-O";
				VALIDATE_PRODUCT = YES;
			};
			name = Release;
		};
		8437B2D121C72647008F03D9 /* Debug */ = {
			isa = XCBuildConfiguration;
			baseConfigurationReference = B2403F382764B7A475F362DA /* Pods-testSwift.debug.xcconfig */;
			buildSettings = {
				ASSETCATALOG_COMPILER_APPICON_NAME = AppIcon;
				ASSETCATALOG_COMPILER_LAUNCHIMAGE_NAME = LaunchImage;
				CODE_SIGN_STYLE = Automatic;
				DEVELOPMENT_TEAM = 2L4B26T69J;
				INFOPLIST_FILE = testSwift/Info.plist;
				IPHONEOS_DEPLOYMENT_TARGET = 10.0;
				LD_RUNPATH_SEARCH_PATHS = (
					"$(inherited)",
					"@executable_path/Frameworks",
				);
				PRODUCT_BUNDLE_IDENTIFIER = com.erter.com.testSwift;
				PRODUCT_NAME = "$(TARGET_NAME)";
				SWIFT_VERSION = 4.0;
				TARGETED_DEVICE_FAMILY = 1;
			};
			name = Debug;
		};
		8437B2D221C72647008F03D9 /* Release */ = {
			isa = XCBuildConfiguration;
			baseConfigurationReference = 7EBD136620EF9FCD0AF88422 /* Pods-testSwift.release.xcconfig */;
			buildSettings = {
				ASSETCATALOG_COMPILER_APPICON_NAME = AppIcon;
				ASSETCATALOG_COMPILER_LAUNCHIMAGE_NAME = LaunchImage;
				CODE_SIGN_STYLE = Automatic;
				DEVELOPMENT_TEAM = 2L4B26T69J;
				INFOPLIST_FILE = testSwift/Info.plist;
				IPHONEOS_DEPLOYMENT_TARGET = 10.0;
				LD_RUNPATH_SEARCH_PATHS = (
					"$(inherited)",
					"@executable_path/Frameworks",
				);
				PRODUCT_BUNDLE_IDENTIFIER = com.erter.com.testSwift;
				PRODUCT_NAME = "$(TARGET_NAME)";
				SWIFT_VERSION = 4.0;
				TARGETED_DEVICE_FAMILY = 1;
			};
			name = Release;
		};
		8437B2D421C72647008F03D9 /* Debug */ = {
			isa = XCBuildConfiguration;
			buildSettings = {
				ALWAYS_EMBED_SWIFT_STANDARD_LIBRARIES = YES;
				BUNDLE_LOADER = "$(TEST_HOST)";
				CODE_SIGN_STYLE = Automatic;
				DEVELOPMENT_TEAM = 2L4B26T69J;
				INFOPLIST_FILE = testSwiftTests/Info.plist;
				IPHONEOS_DEPLOYMENT_TARGET = 10.0;
				LD_RUNPATH_SEARCH_PATHS = (
					"$(inherited)",
					"@executable_path/Frameworks",
					"@loader_path/Frameworks",
				);
				PRODUCT_BUNDLE_IDENTIFIER = com.erter.com.testSwiftTests;
				PRODUCT_NAME = "$(TARGET_NAME)";
				SWIFT_VERSION = 4.2;
				TARGETED_DEVICE_FAMILY = "1,2";
				TEST_HOST = "$(BUILT_PRODUCTS_DIR)/testSwift.app/testSwift";
			};
			name = Debug;
		};
		8437B2D521C72647008F03D9 /* Release */ = {
			isa = XCBuildConfiguration;
			buildSettings = {
				ALWAYS_EMBED_SWIFT_STANDARD_LIBRARIES = YES;
				BUNDLE_LOADER = "$(TEST_HOST)";
				CODE_SIGN_STYLE = Automatic;
				DEVELOPMENT_TEAM = 2L4B26T69J;
				INFOPLIST_FILE = testSwiftTests/Info.plist;
				IPHONEOS_DEPLOYMENT_TARGET = 10.0;
				LD_RUNPATH_SEARCH_PATHS = (
					"$(inherited)",
					"@executable_path/Frameworks",
					"@loader_path/Frameworks",
				);
				PRODUCT_BUNDLE_IDENTIFIER = com.erter.com.testSwiftTests;
				PRODUCT_NAME = "$(TARGET_NAME)";
				SWIFT_VERSION = 4.2;
				TARGETED_DEVICE_FAMILY = "1,2";
				TEST_HOST = "$(BUILT_PRODUCTS_DIR)/testSwift.app/testSwift";
			};
			name = Release;
		};
		8437B2D721C72647008F03D9 /* Debug */ = {
			isa = XCBuildConfiguration;
			buildSettings = {
				ALWAYS_EMBED_SWIFT_STANDARD_LIBRARIES = YES;
				CODE_SIGN_STYLE = Automatic;
				DEVELOPMENT_TEAM = 2L4B26T69J;
				INFOPLIST_FILE = testSwiftUITests/Info.plist;
				IPHONEOS_DEPLOYMENT_TARGET = 10.0;
				LD_RUNPATH_SEARCH_PATHS = (
					"$(inherited)",
					"@executable_path/Frameworks",
					"@loader_path/Frameworks",
				);
				PRODUCT_BUNDLE_IDENTIFIER = com.erter.com.testSwiftUITests;
				PRODUCT_NAME = "$(TARGET_NAME)";
				SWIFT_VERSION = 4.2;
				TARGETED_DEVICE_FAMILY = "1,2";
				TEST_TARGET_NAME = testSwift;
			};
			name = Debug;
		};
		8437B2D821C72647008F03D9 /* Release */ = {
			isa = XCBuildConfiguration;
			buildSettings = {
				ALWAYS_EMBED_SWIFT_STANDARD_LIBRARIES = YES;
				CODE_SIGN_STYLE = Automatic;
				DEVELOPMENT_TEAM = 2L4B26T69J;
				INFOPLIST_FILE = testSwiftUITests/Info.plist;
				IPHONEOS_DEPLOYMENT_TARGET = 10.0;
				LD_RUNPATH_SEARCH_PATHS = (
					"$(inherited)",
					"@executable_path/Frameworks",
					"@loader_path/Frameworks",
				);
				PRODUCT_BUNDLE_IDENTIFIER = com.erter.com.testSwiftUITests;
				PRODUCT_NAME = "$(TARGET_NAME)";
				SWIFT_VERSION = 4.2;
				TARGETED_DEVICE_FAMILY = "1,2";
				TEST_TARGET_NAME = testSwift;
			};
			name = Release;
		};
/* End XCBuildConfiguration section */

/* Begin XCConfigurationList section */
		8437B2A321C7263C008F03D9 /* Build configuration list for PBXProject "testSwift" */ = {
			isa = XCConfigurationList;
			buildConfigurations = (
				8437B2CE21C72647008F03D9 /* Debug */,
				8437B2CF21C72647008F03D9 /* Release */,
			);
			defaultConfigurationIsVisible = 0;
			defaultConfigurationName = Release;
		};
		8437B2D021C72647008F03D9 /* Build configuration list for PBXNativeTarget "testSwift" */ = {
			isa = XCConfigurationList;
			buildConfigurations = (
				8437B2D121C72647008F03D9 /* Debug */,
				8437B2D221C72647008F03D9 /* Release */,
			);
			defaultConfigurationIsVisible = 0;
			defaultConfigurationName = Release;
		};
		8437B2D321C72647008F03D9 /* Build configuration list for PBXNativeTarget "testSwiftTests" */ = {
			isa = XCConfigurationList;
			buildConfigurations = (
				8437B2D421C72647008F03D9 /* Debug */,
				8437B2D521C72647008F03D9 /* Release */,
			);
			defaultConfigurationIsVisible = 0;
			defaultConfigurationName = Release;
		};
		8437B2D621C72647008F03D9 /* Build configuration list for PBXNativeTarget "testSwiftUITests" */ = {
			isa = XCConfigurationList;
			buildConfigurations = (
				8437B2D721C72647008F03D9 /* Debug */,
				8437B2D821C72647008F03D9 /* Release */,
			);
			defaultConfigurationIsVisible = 0;
			defaultConfigurationName = Release;
		};
/* End XCConfigurationList section */
	};
	rootObject = 8437B2A021C7263C008F03D9 /* Project object */;
}
